
Microsoft Visual Studio Solution File, Format Version 12.00
# Visual Studio Version 17
VisualStudioVersion = 17.0.31903.59
MinimumVisualStudioVersion = 10.0.40219.1
Project("{2150E333-8FDC-42A3-9474-1A3956D46DE8}") = "src", "src", "{827E0CD3-B72D-47B6-A68D-7590B98EB39B}"
EndProject
Project("{FAE04EC0-301F-11D3-BF4B-00C04F79EFBC}") = "StudioSoundPro.AudioIO", "src\StudioSoundPro.AudioIO\StudioSoundPro.AudioIO.csproj", "{CF91B7A4-0C67-4DA4-BA24-FC480206FFF9}"
EndProject
Project("{FAE04EC0-301F-11D3-BF4B-00C04F79EFBC}") = "StudioSoundPro.Core", "src\StudioSoundPro.Core\StudioSoundPro.Core.csproj", "{88FC9C5E-8286-4A85-B439-E0A037630382}"
EndProject
Project("{FAE04EC0-301F-11D3-BF4B-00C04F79EFBC}") = "StudioSoundPro.UI", "src\StudioSoundPro.UI\StudioSoundPro.UI.csproj", "{C7B221D7-B41B-40F0-9123-CAF30757D0EF}"
EndProject
Project("{FAE04EC0-301F-11D3-BF4B-00C04F79EFBC}") = "StudioSoundPro.AudioIO.Tests", "tests\StudioSoundPro.AudioIO.Tests\StudioSoundPro.AudioIO.Tests.csproj", "{187D400E-68FB-4A7E-A7A2-791336CB28C5}"
EndProject
Project("{FAE04EC0-301F-11D3-BF4B-00C04F79EFBC}") = "StudioSoundPro.Core.Tests", "tests\StudioSoundPro.Core.Tests\StudioSoundPro.Core.Tests.csproj", "{02E42D69-8FA5-4E0D-BB60-E6CF33A02F37}"
EndProject
Project("{FAE04EC0-301F-11D3-BF4B-00C04F79EFBC}") = "StudioSoundPro.CLI", "src\StudioSoundPro.CLI\StudioSoundPro.CLI.csproj", "{F50BB599-DE58-46BF-844D-31809B6CB19A}"
EndProject
Global
	GlobalSection(SolutionConfigurationPlatforms) = preSolution
		Debug|Any CPU = Debug|Any CPU
		Debug|x64 = Debug|x64
		Debug|x86 = Debug|x86
		Release|Any CPU = Release|Any CPU
		Release|x64 = Release|x64
		Release|x86 = Release|x86
	EndGlobalSection
	GlobalSection(ProjectConfigurationPlatforms) = postSolution
		{CF91B7A4-0C67-4DA4-BA24-FC480206FFF9}.Debug|Any CPU.ActiveCfg = Debug|Any CPU
		{CF91B7A4-0C67-4DA4-BA24-FC480206FFF9}.Debug|Any CPU.Build.0 = Debug|Any CPU
		{CF91B7A4-0C67-4DA4-BA24-FC480206FFF9}.Debug|x64.ActiveCfg = Debug|Any CPU
		{CF91B7A4-0C67-4DA4-BA24-FC480206FFF9}.Debug|x64.Build.0 = Debug|Any CPU
		{CF91B7A4-0C67-4DA4-BA24-FC480206FFF9}.Debug|x86.ActiveCfg = Debug|Any CPU
		{CF91B7A4-0C67-4DA4-BA24-FC480206FFF9}.Debug|x86.Build.0 = Debug|Any CPU
		{CF91B7A4-0C67-4DA4-BA24-FC480206FFF9}.Release|Any CPU.ActiveCfg = Release|Any CPU
		{CF91B7A4-0C67-4DA4-BA24-FC480206FFF9}.Release|Any CPU.Build.0 = Release|Any CPU
		{CF91B7A4-0C67-4DA4-BA24-FC480206FFF9}.Release|x64.ActiveCfg = Release|Any CPU
		{CF91B7A4-0C67-4DA4-BA24-FC480206FFF9}.Release|x64.Build.0 = Release|Any CPU
		{CF91B7A4-0C67-4DA4-BA24-FC480206FFF9}.Release|x86.ActiveCfg = Release|Any CPU
		{CF91B7A4-0C67-4DA4-BA24-FC480206FFF9}.Release|x86.Build.0 = Release|Any CPU
		{88FC9C5E-8286-4A85-B439-E0A037630382}.Debug|Any CPU.ActiveCfg = Debug|Any CPU
		{88FC9C5E-8286-4A85-B439-E0A037630382}.Debug|Any CPU.Build.0 = Debug|Any CPU
		{88FC9C5E-8286-4A85-B439-E0A037630382}.Debug|x64.ActiveCfg = Debug|Any CPU
		{88FC9C5E-8286-4A85-B439-E0A037630382}.Debug|x64.Build.0 = Debug|Any CPU
		{88FC9C5E-8286-4A85-B439-E0A037630382}.Debug|x86.ActiveCfg = Debug|Any CPU
		{88FC9C5E-8286-4A85-B439-E0A037630382}.Debug|x86.Build.0 = Debug|Any CPU
		{88FC9C5E-8286-4A85-B439-E0A037630382}.Release|Any CPU.ActiveCfg = Release|Any CPU
		{88FC9C5E-8286-4A85-B439-E0A037630382}.Release|Any CPU.Build.0 = Release|Any CPU
		{88FC9C5E-8286-4A85-B439-E0A037630382}.Release|x64.ActiveCfg = Release|Any CPU
		{88FC9C5E-8286-4A85-B439-E0A037630382}.Release|x64.Build.0 = Release|Any CPU
		{88FC9C5E-8286-4A85-B439-E0A037630382}.Release|x86.ActiveCfg = Release|Any CPU
		{88FC9C5E-8286-4A85-B439-E0A037630382}.Release|x86.Build.0 = Release|Any CPU
		{C7B221D7-B41B-40F0-9123-CAF30757D0EF}.Debug|Any CPU.ActiveCfg = Debug|Any CPU
		{C7B221D7-B41B-40F0-9123-CAF30757D0EF}.Debug|Any CPU.Build.0 = Debug|Any CPU
		{C7B221D7-B41B-40F0-9123-CAF30757D0EF}.Debug|x64.ActiveCfg = Debug|Any CPU
		{C7B221D7-B41B-40F0-9123-CAF30757D0EF}.Debug|x64.Build.0 = Debug|Any CPU
		{C7B221D7-B41B-40F0-9123-CAF30757D0EF}.Debug|x86.ActiveCfg = Debug|Any CPU
		{C7B221D7-B41B-40F0-9123-CAF30757D0EF}.Debug|x86.Build.0 = Debug|Any CPU
		{C7B221D7-B41B-40F0-9123-CAF30757D0EF}.Release|Any CPU.ActiveCfg = Release|Any CPU
		{C7B221D7-B41B-40F0-9123-CAF30757D0EF}.Release|Any CPU.Build.0 = Release|Any CPU
		{C7B221D7-B41B-40F0-9123-CAF30757D0EF}.Release|x64.ActiveCfg = Release|Any CPU
		{C7B221D7-B41B-40F0-9123-CAF30757D0EF}.Release|x64.Build.0 = Release|Any CPU
		{C7B221D7-B41B-40F0-9123-CAF30757D0EF}.Release|x86.ActiveCfg = Release|Any CPU
		{C7B221D7-B41B-40F0-9123-CAF30757D0EF}.Release|x86.Build.0 = Release|Any CPU
		{187D400E-68FB-4A7E-A7A2-791336CB28C5}.Debug|Any CPU.ActiveCfg = Debug|Any CPU
		{187D400E-68FB-4A7E-A7A2-791336CB28C5}.Debug|Any CPU.Build.0 = Debug|Any CPU
		{187D400E-68FB-4A7E-A7A2-791336CB28C5}.Debug|x64.ActiveCfg = Debug|Any CPU
		{187D400E-68FB-4A7E-A7A2-791336CB28C5}.Debug|x64.Build.0 = Debug|Any CPU
		{187D400E-68FB-4A7E-A7A2-791336CB28C5}.Debug|x86.ActiveCfg = Debug|Any CPU
		{187D400E-68FB-4A7E-A7A2-791336CB28C5}.Debug|x86.Build.0 = Debug|Any CPU
		{187D400E-68FB-4A7E-A7A2-791336CB28C5}.Release|Any CPU.ActiveCfg = Release|Any CPU
		{187D400E-68FB-4A7E-A7A2-791336CB28C5}.Release|Any CPU.Build.0 = Release|Any CPU
		{187D400E-68FB-4A7E-A7A2-791336CB28C5}.Release|x64.ActiveCfg = Release|Any CPU
		{187D400E-68FB-4A7E-A7A2-791336CB28C5}.Release|x64.Build.0 = Release|Any CPU
		{187D400E-68FB-4A7E-A7A2-791336CB28C5}.Release|x86.ActiveCfg = Release|Any CPU
		{187D400E-68FB-4A7E-A7A2-791336CB28C5}.Release|x86.Build.0 = Release|Any CPU
		{02E42D69-8FA5-4E0D-BB60-E6CF33A02F37}.Debug|Any CPU.ActiveCfg = Debug|Any CPU
		{02E42D69-8FA5-4E0D-BB60-E6CF33A02F37}.Debug|Any CPU.Build.0 = Debug|Any CPU
		{02E42D69-8FA5-4E0D-BB60-E6CF33A02F37}.Debug|x64.ActiveCfg = Debug|Any CPU
		{02E42D69-8FA5-4E0D-BB60-E6CF33A02F37}.Debug|x64.Build.0 = Debug|Any CPU
		{02E42D69-8FA5-4E0D-BB60-E6CF33A02F37}.Debug|x86.ActiveCfg = Debug|Any CPU
		{02E42D69-8FA5-4E0D-BB60-E6CF33A02F37}.Debug|x86.Build.0 = Debug|Any CPU
		{02E42D69-8FA5-4E0D-BB60-E6CF33A02F37}.Release|Any CPU.ActiveCfg = Release|Any CPU
		{02E42D69-8FA5-4E0D-BB60-E6CF33A02F37}.Release|Any CPU.Build.0 = Release|Any CPU
		{02E42D69-8FA5-4E0D-BB60-E6CF33A02F37}.Release|x64.ActiveCfg = Release|Any CPU
		{02E42D69-8FA5-4E0D-BB60-E6CF33A02F37}.Release|x64.Build.0 = Release|Any CPU
		{02E42D69-8FA5-4E0D-BB60-E6CF33A02F37}.Release|x86.ActiveCfg = Release|Any CPU
		{02E42D69-8FA5-4E0D-BB60-E6CF33A02F37}.Release|x86.Build.0 = Release|Any CPU
		{F50BB599-DE58-46BF-844D-31809B6CB19A}.Debug|Any CPU.ActiveCfg = Debug|Any CPU
		{F50BB599-DE58-46BF-844D-31809B6CB19A}.Debug|Any CPU.Build.0 = Debug|Any CPU
		{F50BB599-DE58-46BF-844D-31809B6CB19A}.Debug|x64.ActiveCfg = Debug|Any CPU
		{F50BB599-DE58-46BF-844D-31809B6CB19A}.Debug|x64.Build.0 = Debug|Any CPU
		{F50BB599-DE58-46BF-844D-31809B6CB19A}.Debug|x86.ActiveCfg = Debug|Any CPU
		{F50BB599-DE58-46BF-844D-31809B6CB19A}.Debug|x86.Build.0 = Debug|Any CPU
		{F50BB599-DE58-46BF-844D-31809B6CB19A}.Release|Any CPU.ActiveCfg = Release|Any CPU
		{F50BB599-DE58-46BF-844D-31809B6CB19A}.Release|Any CPU.Build.0 = Release|Any CPU
		{F50BB599-DE58-46BF-844D-31809B6CB19A}.Release|x64.ActiveCfg = Release|Any CPU
		{F50BB599-DE58-46BF-844D-31809B6CB19A}.Release|x64.Build.0 = Release|Any CPU
		{F50BB599-DE58-46BF-844D-31809B6CB19A}.Release|x86.ActiveCfg = Release|Any CPU
		{F50BB599-DE58-46BF-844D-31809B6CB19A}.Release|x86.Build.0 = Release|Any CPU
	EndGlobalSection
	GlobalSection(SolutionProperties) = preSolution
		HideSolutionNode = FALSE
	EndGlobalSection
	GlobalSection(NestedProjects) = preSolution
		{CF91B7A4-0C67-4DA4-BA24-FC480206FFF9} = {827E0CD3-B72D-47B6-A68D-7590B98EB39B}
		{88FC9C5E-8286-4A85-B439-E0A037630382} = {827E0CD3-B72D-47B6-A68D-7590B98EB39B}
		{C7B221D7-B41B-40F0-9123-CAF30757D0EF} = {827E0CD3-B72D-47B6-A68D-7590B98EB39B}
		{187D400E-68FB-4A7E-A7A2-791336CB28C5} = {827E0CD3-B72D-47B6-A68D-7590B98EB39B}
		{02E42D69-8FA5-4E0D-BB60-E6CF33A02F37} = {827E0CD3-B72D-47B6-A68D-7590B98EB39B}
		{F50BB599-DE58-46BF-844D-31809B6CB19A} = {827E0CD3-B72D-47B6-A68D-7590B98EB39B}
	EndGlobalSection
EndGlobal
